
Microsoft Visual Studio Solution File, Format Version 12.00
# Visual Studio Version 16
VisualStudioVersion = 16.0.31727.386
MinimumVisualStudioVersion = 10.0.40219.1
Project("{FAE04EC0-301F-11D3-BF4B-00C04F79EFBC}") = "Warriors", "Warriors\Warriors.csproj", "{CF0D873D-65FB-4C85-9D68-8EE0DBEEA970}"
EndProject
Global
	GlobalSection(SolutionConfigurationPlatforms) = preSolution
		Debug|Any CPU = Debug|Any CPU
		Release|Any CPU = Release|Any CPU
	EndGlobalSection
	GlobalSection(ProjectConfigurationPlatforms) = postSolution
		{CF0D873D-65FB-4C85-9D68-8EE0DBEEA970}.Debug|Any CPU.ActiveCfg = Debug|Any CPU
		{CF0D873D-65FB-4C85-9D68-8EE0DBEEA970}.Debug|Any CPU.Build.0 = Debug|Any CPU
		{CF0D873D-65FB-4C85-9D68-8EE0DBEEA970}.Release|Any CPU.ActiveCfg = Release|Any CPU
		{CF0D873D-65FB-4C85-9D68-8EE0DBEEA970}.Release|Any CPU.Build.0 = Release|Any CPU
	EndGlobalSection
	GlobalSection(SolutionProperties) = preSolution
		HideSolutionNode = FALSE
	EndGlobalSection
	GlobalSection(ExtensibilityGlobals) = postSolution
		SolutionGuid = {8714B94E-7D49-469D-AA05-C988913E16DC}
	EndGlobalSection
EndGlobal
